
Microsoft Visual Studio Solution File, Format Version 12.00
# Visual Studio 14
VisualStudioVersion = 14.0.25420.1
MinimumVisualStudioVersion = 10.0.40219.1
Project("{FAE04EC0-301F-11D3-BF4B-00C04F79EFBC}") = "addressbook-web-tests", "csharp-test-training\addressbook-web-tests.csproj", "{D95BB462-15F2-4B31-AFA3-C53C3B9EFBC3}"
EndProject
Project("{FAE04EC0-301F-11D3-BF4B-00C04F79EFBC}") = "addressbook-test-data-generators", "addressbook-test-data-generators\addressbook-test-data-generators.csproj", "{FA79474B-9F2C-4AEC-A7A2-93F43CDCC932}"
	ProjectSection(ProjectDependencies) = postProject
		{D95BB462-15F2-4B31-AFA3-C53C3B9EFBC3} = {D95BB462-15F2-4B31-AFA3-C53C3B9EFBC3}
	EndProjectSection
EndProject
Global
	GlobalSection(SolutionConfigurationPlatforms) = preSolution
		Debug|Any CPU = Debug|Any CPU
		Release|Any CPU = Release|Any CPU
	EndGlobalSection
	GlobalSection(ProjectConfigurationPlatforms) = postSolution
		{D95BB462-15F2-4B31-AFA3-C53C3B9EFBC3}.Debug|Any CPU.ActiveCfg = Debug|Any CPU
		{D95BB462-15F2-4B31-AFA3-C53C3B9EFBC3}.Debug|Any CPU.Build.0 = Debug|Any CPU
		{D95BB462-15F2-4B31-AFA3-C53C3B9EFBC3}.Release|Any CPU.ActiveCfg = Release|Any CPU
		{D95BB462-15F2-4B31-AFA3-C53C3B9EFBC3}.Release|Any CPU.Build.0 = Release|Any CPU
		{FA79474B-9F2C-4AEC-A7A2-93F43CDCC932}.Debug|Any CPU.ActiveCfg = Debug|Any CPU
		{FA79474B-9F2C-4AEC-A7A2-93F43CDCC932}.Debug|Any CPU.Build.0 = Debug|Any CPU
		{FA79474B-9F2C-4AEC-A7A2-93F43CDCC932}.Release|Any CPU.ActiveCfg = Release|Any CPU
		{FA79474B-9F2C-4AEC-A7A2-93F43CDCC932}.Release|Any CPU.Build.0 = Release|Any CPU
	EndGlobalSection
	GlobalSection(SolutionProperties) = preSolution
		HideSolutionNode = FALSE
	EndGlobalSection
EndGlobal
